
Microsoft Visual Studio Solution File, Format Version 12.00
# Visual Studio Version 17
VisualStudioVersion = 17.3.32825.248
MinimumVisualStudioVersion = 10.0.40219.1
Project("{9A19103F-16F7-4668-BE54-9A1E7A4F7556}") = "Banking Program", "Banking Program\Banking Program.csproj", "{7224DEB0-CB32-43B9-9F12-583C80E53085}"
EndProject
Global
	GlobalSection(SolutionConfigurationPlatforms) = preSolution
		Debug|Any CPU = Debug|Any CPU
		Release|Any CPU = Release|Any CPU
	EndGlobalSection
	GlobalSection(ProjectConfigurationPlatforms) = postSolution
		{7224DEB0-CB32-43B9-9F12-583C80E53085}.Debug|Any CPU.ActiveCfg = Debug|Any CPU
		{7224DEB0-CB32-43B9-9F12-583C80E53085}.Debug|Any CPU.Build.0 = Debug|Any CPU
		{7224DEB0-CB32-43B9-9F12-583C80E53085}.Release|Any CPU.ActiveCfg = Release|Any CPU
		{7224DEB0-CB32-43B9-9F12-583C80E53085}.Release|Any CPU.Build.0 = Release|Any CPU
	EndGlobalSection
	GlobalSection(SolutionProperties) = preSolution
		HideSolutionNode = FALSE
	EndGlobalSection
	GlobalSection(ExtensibilityGlobals) = postSolution
		SolutionGuid = {15F2D55C-F22C-41C6-B5A3-F6F61159FE88}
	EndGlobalSection
EndGlobal
